
Microsoft Visual Studio Solution File, Format Version 12.00
# Visual Studio Version 17
VisualStudioVersion = 17.2.32519.379
MinimumVisualStudioVersion = 10.0.40219.1
Project("{8BC9CEB8-8B4A-11D0-8D11-00A0C91BC942}") = "SFML Template 2.0", "[SFML Projects] Mouse Shooter\[SFML Projects] Mouse Shooter.vcxproj", "{45EF9F38-9F29-43D9-9DB4-A4A3EBA786D6}"
EndProject
Project("{2150E333-8FDC-42A3-9474-1A3956D46DE8}") = "Graphics .h", "Graphics .h", "{FC249634-3728-4205-9F5F-BBAD2591C868}"
	ProjectSection(SolutionItems) = preProject
		[SFML Projects] Mouse Shooter\Light.h = [SFML Projects] Mouse Shooter\Light.h
		[SFML Projects] Mouse Shooter\LightManager.h = [SFML Projects] Mouse Shooter\LightManager.h
		[SFML Projects] Mouse Shooter\TextureManager.h = [SFML Projects] Mouse Shooter\TextureManager.h
		[SFML Projects] Mouse Shooter\Tracing.h = [SFML Projects] Mouse Shooter\Tracing.h
	EndProjectSection
EndProject
Project("{2150E333-8FDC-42A3-9474-1A3956D46DE8}") = "Graphics Source", "Graphics Source", "{A10E85CD-9997-4E4C-B4F8-EC2F9EA6EAA0}"
	ProjectSection(SolutionItems) = preProject
		[SFML Projects] Mouse Shooter\Light.cpp = [SFML Projects] Mouse Shooter\Light.cpp
		[SFML Projects] Mouse Shooter\LightManager.cpp = [SFML Projects] Mouse Shooter\LightManager.cpp
		[SFML Projects] Mouse Shooter\TextureManager.cpp = [SFML Projects] Mouse Shooter\TextureManager.cpp
		[SFML Projects] Mouse Shooter\Tracing.cpp = [SFML Projects] Mouse Shooter\Tracing.cpp
	EndProjectSection
EndProject
Project("{2150E333-8FDC-42A3-9474-1A3956D46DE8}") = "Graphics", "Graphics", "{10F6D65A-A8CA-4830-950B-F5EDB66EC101}"
EndProject
Project("{2150E333-8FDC-42A3-9474-1A3956D46DE8}") = "Engine", "Engine", "{94DB57F3-C741-4CA1-8358-18DD2E1370A5}"
EndProject
Project("{2150E333-8FDC-42A3-9474-1A3956D46DE8}") = "Engine .h", "Engine .h", "{5DED46D7-C75E-4F2B-A13A-E15144C59BF7}"
	ProjectSection(SolutionItems) = preProject
		[SFML Projects] Mouse Shooter\Game.h = [SFML Projects] Mouse Shooter\Game.h
		[SFML Projects] Mouse Shooter\Menu.h = [SFML Projects] Mouse Shooter\Menu.h
		[SFML Projects] Mouse Shooter\Mouse.h = [SFML Projects] Mouse Shooter\Mouse.h
	EndProjectSection
EndProject
Project("{2150E333-8FDC-42A3-9474-1A3956D46DE8}") = "Engine Source", "Engine Source", "{8126ABF3-3AC6-42E8-AEDF-118D41F3FC85}"
	ProjectSection(SolutionItems) = preProject
		[SFML Projects] Mouse Shooter\Game.cpp = [SFML Projects] Mouse Shooter\Game.cpp
		[SFML Projects] Mouse Shooter\Menu.cpp = [SFML Projects] Mouse Shooter\Menu.cpp
		[SFML Projects] Mouse Shooter\Mouse.cpp = [SFML Projects] Mouse Shooter\Mouse.cpp
	EndProjectSection
EndProject
Project("{2150E333-8FDC-42A3-9474-1A3956D46DE8}") = "Main", "Main", "{216D4AC3-55D3-43CD-9B54-F927E508B474}"
	ProjectSection(SolutionItems) = preProject
		[SFML Projects] Mouse Shooter\main.cpp = [SFML Projects] Mouse Shooter\main.cpp
	EndProjectSection
EndProject
Global
	GlobalSection(SolutionConfigurationPlatforms) = preSolution
		Debug|x64 = Debug|x64
		Debug|x86 = Debug|x86
		Release|x64 = Release|x64
		Release|x86 = Release|x86
	EndGlobalSection
	GlobalSection(ProjectConfigurationPlatforms) = postSolution
		{45EF9F38-9F29-43D9-9DB4-A4A3EBA786D6}.Debug|x64.ActiveCfg = Debug|x64
		{45EF9F38-9F29-43D9-9DB4-A4A3EBA786D6}.Debug|x64.Build.0 = Debug|x64
		{45EF9F38-9F29-43D9-9DB4-A4A3EBA786D6}.Debug|x86.ActiveCfg = Debug|Win32
		{45EF9F38-9F29-43D9-9DB4-A4A3EBA786D6}.Debug|x86.Build.0 = Debug|Win32
		{45EF9F38-9F29-43D9-9DB4-A4A3EBA786D6}.Release|x64.ActiveCfg = Release|x64
		{45EF9F38-9F29-43D9-9DB4-A4A3EBA786D6}.Release|x64.Build.0 = Release|x64
		{45EF9F38-9F29-43D9-9DB4-A4A3EBA786D6}.Release|x86.ActiveCfg = Release|Win32
		{45EF9F38-9F29-43D9-9DB4-A4A3EBA786D6}.Release|x86.Build.0 = Release|Win32
	EndGlobalSection
	GlobalSection(SolutionProperties) = preSolution
		HideSolutionNode = FALSE
	EndGlobalSection
	GlobalSection(NestedProjects) = preSolution
		{FC249634-3728-4205-9F5F-BBAD2591C868} = {10F6D65A-A8CA-4830-950B-F5EDB66EC101}
		{A10E85CD-9997-4E4C-B4F8-EC2F9EA6EAA0} = {10F6D65A-A8CA-4830-950B-F5EDB66EC101}
		{5DED46D7-C75E-4F2B-A13A-E15144C59BF7} = {94DB57F3-C741-4CA1-8358-18DD2E1370A5}
		{8126ABF3-3AC6-42E8-AEDF-118D41F3FC85} = {94DB57F3-C741-4CA1-8358-18DD2E1370A5}
	EndGlobalSection
	GlobalSection(ExtensibilityGlobals) = postSolution
		SolutionGuid = {89CB6EA6-9BA0-412F-920B-FEF2DC6EC361}
	EndGlobalSection
EndGlobal
