<?xml version="1.0" encoding="utf-8"?>
<Project ToolsVersion="4.0" xmlns="http://schemas.microsoft.com/developer/msbuild/2003">
  <ItemGroup>
    <Filter Include="Engine">
      <UniqueIdentifier>{c68e9752-547d-49e5-ae46-8dcc5dc5b0b1}</UniqueIdentifier>
    </Filter>
    <Filter Include="Graphics">
      <UniqueIdentifier>{50b0f4fd-8d8a-4938-94c7-390dbdf58996}</UniqueIdentifier>
    </Filter>
    <Filter Include="Main">
      <UniqueIdentifier>{39a6d27b-ac72-42b2-a47a-797ab2406fda}</UniqueIdentifier>
    </Filter>
    <Filter Include="UI">
      <UniqueIdentifier>{6e5c1f07-8857-4184-92fd-bb0f0f449f1b}</UniqueIdentifier>
    </Filter>
    <Filter Include="Seed">
      <UniqueIdentifier>{0e1f49c5-93aa-424b-9ac4-f9679ee40af2}</UniqueIdentifier>
    </Filter>
    <Filter Include="Scenery">
      <UniqueIdentifier>{8e27a8dd-2789-49cc-9d8e-89adbf0506ff}</UniqueIdentifier>
    </Filter>
    <Filter Include="UI\Shop">
      <UniqueIdentifier>{01045253-7735-4e35-938d-8fab4a21bde6}</UniqueIdentifier>
    </Filter>
    <Filter Include="UI\Base">
      <UniqueIdentifier>{fb68a42b-91c8-4841-9b89-de412c28d5ce}</UniqueIdentifier>
    </Filter>
    <Filter Include="UI\Building">
      <UniqueIdentifier>{a6d77d7f-a627-48f4-83e8-4ce4be2c47ef}</UniqueIdentifier>
    </Filter>
    <Filter Include="UI\Main">
      <UniqueIdentifier>{e991db79-6377-4c60-a74b-a3ae647fa548}</UniqueIdentifier>
    </Filter>
    <Filter Include="UI\Abstract">
      <UniqueIdentifier>{4ad202bc-b5d2-4af0-82a5-3be0891cf86a}</UniqueIdentifier>
    </Filter>
    <Filter Include="UI\Selection">
      <UniqueIdentifier>{da3c636c-0c8a-4d62-aaf9-21c1504ae2e7}</UniqueIdentifier>
    </Filter>
    <Filter Include="Engine\Game">
      <UniqueIdentifier>{14d75e3f-fa2c-48ee-a8d1-4db7aed9cf3c}</UniqueIdentifier>
    </Filter>
    <Filter Include="Engine\Menu">
      <UniqueIdentifier>{80a152c5-92f3-453f-bcad-424dd4adb5df}</UniqueIdentifier>
    </Filter>
    <Filter Include="Engine\Mouse">
      <UniqueIdentifier>{eb21d09a-dcc6-4ed7-9a81-6aa3a8e42944}</UniqueIdentifier>
    </Filter>
    <Filter Include="Engine\Navigation">
      <UniqueIdentifier>{71f8cb1a-8103-4e47-b96f-603d0e321bad}</UniqueIdentifier>
    </Filter>
    <Filter Include="Engine\Timer">
      <UniqueIdentifier>{1c4867ff-54fb-477d-97f0-60aee6a1e7e0}</UniqueIdentifier>
    </Filter>
    <Filter Include="Engine\FileManagement">
      <UniqueIdentifier>{a7868043-a91b-4f0f-9417-0bd9bb4fd0f6}</UniqueIdentifier>
    </Filter>
    <Filter Include="Engine\Shop Engine">
      <UniqueIdentifier>{b1468d1f-d772-4358-a3bb-0cc09b54da26}</UniqueIdentifier>
    </Filter>
  </ItemGroup>
  <ItemGroup>
    <ClCompile Include="main.cpp">
      <Filter>Main</Filter>
    </ClCompile>
    <ClCompile Include="Light.cpp">
      <Filter>Graphics</Filter>
    </ClCompile>
    <ClCompile Include="LightManager.cpp">
      <Filter>Graphics</Filter>
    </ClCompile>
    <ClCompile Include="TextureManager.cpp">
      <Filter>Graphics</Filter>
    </ClCompile>
    <ClCompile Include="Tracing.cpp">
      <Filter>Graphics</Filter>
    </ClCompile>
    <ClCompile Include="Scenery.cpp">
      <Filter>Scenery</Filter>
    </ClCompile>
    <ClCompile Include="Seed.cpp">
      <Filter>Seed</Filter>
    </ClCompile>
    <ClCompile Include="base.cpp">
      <Filter>UI\Base</Filter>
    </ClCompile>
    <ClCompile Include="building_ui.cpp">
      <Filter>UI\Building</Filter>
    </ClCompile>
    <ClCompile Include="shop_ui.cpp">
      <Filter>UI\Shop</Filter>
    </ClCompile>
    <ClCompile Include="UI.cpp">
      <Filter>UI\Main</Filter>
    </ClCompile>
    <ClCompile Include="baseLayer.cpp">
      <Filter>UI\Abstract</Filter>
    </ClCompile>
    <ClCompile Include="selection_ui.cpp">
      <Filter>UI\Selection</Filter>
    </ClCompile>
    <ClCompile Include="Game.cpp">
      <Filter>Engine\Game</Filter>
    </ClCompile>
    <ClCompile Include="Menu.cpp">
      <Filter>Engine\Menu</Filter>
    </ClCompile>
    <ClCompile Include="Mouse.cpp">
      <Filter>Engine\Mouse</Filter>
    </ClCompile>
    <ClCompile Include="Navigation.cpp">
      <Filter>Engine\Navigation</Filter>
    </ClCompile>
    <ClCompile Include="Timer.cpp">
      <Filter>Engine\Timer</Filter>
    </ClCompile>
    <ClCompile Include="FileManagement.cpp">
      <Filter>Engine\FileManagement</Filter>
    </ClCompile>
    <ClCompile Include="Shop_Engine.cpp">
      <Filter>Engine\Shop Engine</Filter>
    </ClCompile>
    <ClCompile Include="SeedManager.cpp">
      <Filter>Seed</Filter>
    </ClCompile>
    <ClCompile Include="Isometric_Square.cpp" />
    <ClCompile Include="IsometricSquareCHATGPT.cpp" />
  </ItemGroup>
  <ItemGroup>
    <ClInclude Include="Light.h">
      <Filter>Graphics</Filter>
    </ClInclude>
    <ClInclude Include="LightManager.h">
      <Filter>Graphics</Filter>
    </ClInclude>
    <ClInclude Include="TextureManager.h">
      <Filter>Graphics</Filter>
    </ClInclude>
    <ClInclude Include="Tracing.h">
      <Filter>Graphics</Filter>
    </ClInclude>
    <ClInclude Include="Scenery.h">
      <Filter>Scenery</Filter>
    </ClInclude>
    <ClInclude Include="Seed.h">
      <Filter>Seed</Filter>
    </ClInclude>
    <ClInclude Include="base.h">
      <Filter>UI\Base</Filter>
    </ClInclude>
    <ClInclude Include="building_ui.h">
      <Filter>UI\Building</Filter>
    </ClInclude>
    <ClInclude Include="shop_ui.h">
      <Filter>UI\Shop</Filter>
    </ClInclude>
    <ClInclude Include="UI.h">
      <Filter>UI\Main</Filter>
    </ClInclude>
    <ClInclude Include="baseLayer.h">
      <Filter>UI\Abstract</Filter>
    </ClInclude>
    <ClInclude Include="selection_ui.h">
      <Filter>UI\Selection</Filter>
    </ClInclude>
    <ClInclude Include="Game.h">
      <Filter>Engine\Game</Filter>
    </ClInclude>
    <ClInclude Include="Menu.h">
      <Filter>Engine\Menu</Filter>
    </ClInclude>
    <ClInclude Include="Mouse.h">
      <Filter>Engine\Mouse</Filter>
    </ClInclude>
    <ClInclude Include="Navigation.h">
      <Filter>Engine\Navigation</Filter>
    </ClInclude>
    <ClInclude Include="Timer.h">
      <Filter>Engine\Timer</Filter>
    </ClInclude>
    <ClInclude Include="FileManagement.h">
      <Filter>Engine\FileManagement</Filter>
    </ClInclude>
    <ClInclude Include="Shop_Engine.h">
      <Filter>Engine\Shop Engine</Filter>
    </ClInclude>
    <ClInclude Include="SeedManager.h">
      <Filter>Seed</Filter>
    </ClInclude>
    <ClInclude Include="Isometric_Square.h" />
    <ClInclude Include="IsometricSquareCHATGPT.h" />
  </ItemGroup>
</Project>