<?xml version="1.0" encoding="utf-8"?>
<Project ToolsVersion="4.0" xmlns="http://schemas.microsoft.com/developer/msbuild/2003">
  <ItemGroup>
    <Filter Include="Engine">
      <UniqueIdentifier>{c68e9752-547d-49e5-ae46-8dcc5dc5b0b1}</UniqueIdentifier>
    </Filter>
    <Filter Include="Graphics">
      <UniqueIdentifier>{50b0f4fd-8d8a-4938-94c7-390dbdf58996}</UniqueIdentifier>
    </Filter>
    <Filter Include="Main">
      <UniqueIdentifier>{39a6d27b-ac72-42b2-a47a-797ab2406fda}</UniqueIdentifier>
    </Filter>
    <Filter Include="UI">
      <UniqueIdentifier>{6e5c1f07-8857-4184-92fd-bb0f0f449f1b}</UniqueIdentifier>
    </Filter>
    <Filter Include="Crops">
      <UniqueIdentifier>{9595d56e-b3c4-4d12-bb6e-adbad2ef494b}</UniqueIdentifier>
    </Filter>
    <Filter Include="Seed">
      <UniqueIdentifier>{0e1f49c5-93aa-424b-9ac4-f9679ee40af2}</UniqueIdentifier>
    </Filter>
    <Filter Include="FieldManager">
      <UniqueIdentifier>{841dd81a-9c67-45f1-ad04-1caf323c6874}</UniqueIdentifier>
    </Filter>
    <Filter Include="Scenery">
      <UniqueIdentifier>{8e27a8dd-2789-49cc-9d8e-89adbf0506ff}</UniqueIdentifier>
    </Filter>
  </ItemGroup>
  <ItemGroup>
    <ClCompile Include="main.cpp">
      <Filter>Main</Filter>
    </ClCompile>
    <ClCompile Include="Crops.cpp">
      <Filter>Crops</Filter>
    </ClCompile>
    <ClCompile Include="Game.cpp">
      <Filter>Engine</Filter>
    </ClCompile>
    <ClCompile Include="Mouse.cpp">
      <Filter>Engine</Filter>
    </ClCompile>
    <ClCompile Include="Menu.cpp">
      <Filter>Engine</Filter>
    </ClCompile>
    <ClCompile Include="Field.cpp">
      <Filter>FieldManager</Filter>
    </ClCompile>
    <ClCompile Include="FieldManager.cpp">
      <Filter>FieldManager</Filter>
    </ClCompile>
    <ClCompile Include="Light.cpp">
      <Filter>Graphics</Filter>
    </ClCompile>
    <ClCompile Include="LightManager.cpp">
      <Filter>Graphics</Filter>
    </ClCompile>
    <ClCompile Include="TextureManager.cpp">
      <Filter>Graphics</Filter>
    </ClCompile>
    <ClCompile Include="Tracing.cpp">
      <Filter>Graphics</Filter>
    </ClCompile>
    <ClCompile Include="Scenery.cpp">
      <Filter>Scenery</Filter>
    </ClCompile>
    <ClCompile Include="Seed.cpp">
      <Filter>Seed</Filter>
    </ClCompile>
    <ClCompile Include="UI.cpp">
      <Filter>UI</Filter>
    </ClCompile>
    <ClCompile Include="Navigation.cpp">
      <Filter>Engine</Filter>
    </ClCompile>
    <ClCompile Include="building_ui.cpp">
      <Filter>UI</Filter>
    </ClCompile>
    <ClCompile Include="shop_ui.cpp">
      <Filter>UI</Filter>
    </ClCompile>
    <ClCompile Include="baseLayer.cpp">
      <Filter>UI</Filter>
    </ClCompile>
  </ItemGroup>
  <ItemGroup>
    <ClInclude Include="Crops.h">
      <Filter>Crops</Filter>
    </ClInclude>
    <ClInclude Include="Game.h">
      <Filter>Engine</Filter>
    </ClInclude>
    <ClInclude Include="Menu.h">
      <Filter>Engine</Filter>
    </ClInclude>
    <ClInclude Include="Mouse.h">
      <Filter>Engine</Filter>
    </ClInclude>
    <ClInclude Include="Field.h">
      <Filter>FieldManager</Filter>
    </ClInclude>
    <ClInclude Include="FieldManager.h">
      <Filter>FieldManager</Filter>
    </ClInclude>
    <ClInclude Include="Light.h">
      <Filter>Graphics</Filter>
    </ClInclude>
    <ClInclude Include="LightManager.h">
      <Filter>Graphics</Filter>
    </ClInclude>
    <ClInclude Include="TextureManager.h">
      <Filter>Graphics</Filter>
    </ClInclude>
    <ClInclude Include="Tracing.h">
      <Filter>Graphics</Filter>
    </ClInclude>
    <ClInclude Include="Scenery.h">
      <Filter>Scenery</Filter>
    </ClInclude>
    <ClInclude Include="Seed.h">
      <Filter>Seed</Filter>
    </ClInclude>
    <ClInclude Include="UI.h">
      <Filter>UI</Filter>
    </ClInclude>
    <ClInclude Include="Navigation.h">
      <Filter>Engine</Filter>
    </ClInclude>
    <ClInclude Include="shop_ui.h">
      <Filter>UI</Filter>
    </ClInclude>
    <ClInclude Include="building_ui.h">
      <Filter>UI</Filter>
    </ClInclude>
    <ClInclude Include="baseLayer.h">
      <Filter>UI</Filter>
    </ClInclude>
  </ItemGroup>
</Project>